// !$*UTF8*$!
{
	archiveVersion = 1;
	classes = {
	};
	objectVersion = 56;
	objects = {

/* Begin PBXBuildFile section */
		ABA0D89829DA02AD00C795D1 /* AppDelegate.swift in Sources */ = {isa = PBXBuildFile; fileRef = ABA0D89729DA02AD00C795D1 /* AppDelegate.swift */; };
		ABA0D89A29DA02AD00C795D1 /* SceneDelegate.swift in Sources */ = {isa = PBXBuildFile; fileRef = ABA0D89929DA02AD00C795D1 /* SceneDelegate.swift */; };
		ABA0D89C29DA02AD00C795D1 /* ViewController.swift in Sources */ = {isa = PBXBuildFile; fileRef = ABA0D89B29DA02AD00C795D1 /* ViewController.swift */; };
		ABA0D89F29DA02AD00C795D1 /* Main.storyboard in Resources */ = {isa = PBXBuildFile; fileRef = ABA0D89D29DA02AD00C795D1 /* Main.storyboard */; };
		ABA0D8A129DA02AE00C795D1 /* Assets.xcassets in Resources */ = {isa = PBXBuildFile; fileRef = ABA0D8A029DA02AE00C795D1 /* Assets.xcassets */; };
		ABA0D8A429DA02AE00C795D1 /* LaunchScreen.storyboard in Resources */ = {isa = PBXBuildFile; fileRef = ABA0D8A229DA02AE00C795D1 /* LaunchScreen.storyboard */; };
		ABA0D8AF29DA02AF00C795D1 /* DITests.swift in Sources */ = {isa = PBXBuildFile; fileRef = ABA0D8AE29DA02AF00C795D1 /* DITests.swift */; };
		ABA0D8B929DA02AF00C795D1 /* DIUITests.swift in Sources */ = {isa = PBXBuildFile; fileRef = ABA0D8B829DA02AF00C795D1 /* DIUITests.swift */; };
		ABA0D8BB29DA02AF00C795D1 /* DIUITestsLaunchTests.swift in Sources */ = {isa = PBXBuildFile; fileRef = ABA0D8BA29DA02AF00C795D1 /* DIUITestsLaunchTests.swift */; };
		ABA0D8D029DA043100C795D1 /* ApiKit.docc in Sources */ = {isa = PBXBuildFile; fileRef = ABA0D8CF29DA043100C795D1 /* ApiKit.docc */; };
		ABA0D8D629DA043100C795D1 /* ApiKit.framework in Frameworks */ = {isa = PBXBuildFile; fileRef = ABA0D8CC29DA043100C795D1 /* ApiKit.framework */; };
		ABA0D8DD29DA043100C795D1 /* ApiKitTests.swift in Sources */ = {isa = PBXBuildFile; fileRef = ABA0D8DC29DA043100C795D1 /* ApiKitTests.swift */; };
		ABA0D8DE29DA043100C795D1 /* ApiKit.h in Headers */ = {isa = PBXBuildFile; fileRef = ABA0D8CE29DA043100C795D1 /* ApiKit.h */; settings = {ATTRIBUTES = (Public, ); }; };
		ABA0D8E129DA043100C795D1 /* ApiKit.framework in Frameworks */ = {isa = PBXBuildFile; fileRef = ABA0D8CC29DA043100C795D1 /* ApiKit.framework */; };
		ABA0D8E229DA043100C795D1 /* ApiKit.framework in Embed Frameworks */ = {isa = PBXBuildFile; fileRef = ABA0D8CC29DA043100C795D1 /* ApiKit.framework */; settings = {ATTRIBUTES = (CodeSignOnCopy, RemoveHeadersOnCopy, ); }; };
		ABA0D8EB29DA044600C795D1 /* APICaller.swift in Sources */ = {isa = PBXBuildFile; fileRef = ABA0D8EA29DA044600C795D1 /* APICaller.swift */; };
		ABA0D8F529DA069300C795D1 /* AppUIKit.docc in Sources */ = {isa = PBXBuildFile; fileRef = ABA0D8F429DA069300C795D1 /* AppUIKit.docc */; };
		ABA0D8FB29DA069300C795D1 /* AppUIKit.framework in Frameworks */ = {isa = PBXBuildFile; fileRef = ABA0D8F129DA069300C795D1 /* AppUIKit.framework */; };
		ABA0D90229DA069300C795D1 /* AppUIKitTests.swift in Sources */ = {isa = PBXBuildFile; fileRef = ABA0D90129DA069300C795D1 /* AppUIKitTests.swift */; };
		ABA0D90329DA069300C795D1 /* AppUIKit.h in Headers */ = {isa = PBXBuildFile; fileRef = ABA0D8F329DA069300C795D1 /* AppUIKit.h */; settings = {ATTRIBUTES = (Public, ); }; };
		ABA0D90629DA069300C795D1 /* AppUIKit.framework in Frameworks */ = {isa = PBXBuildFile; fileRef = ABA0D8F129DA069300C795D1 /* AppUIKit.framework */; };
		ABA0D90729DA069300C795D1 /* AppUIKit.framework in Embed Frameworks */ = {isa = PBXBuildFile; fileRef = ABA0D8F129DA069300C795D1 /* AppUIKit.framework */; settings = {ATTRIBUTES = (CodeSignOnCopy, RemoveHeadersOnCopy, ); }; };
		ABA0D90F29DA06B600C795D1 /* CoursesViewController.swift in Sources */ = {isa = PBXBuildFile; fileRef = ABA0D90E29DA06B600C795D1 /* CoursesViewController.swift */; };
/* End PBXBuildFile section */

/* Begin PBXContainerItemProxy section */
		ABA0D8AB29DA02AF00C795D1 /* PBXContainerItemProxy */ = {
			isa = PBXContainerItemProxy;
			containerPortal = ABA0D88C29DA02AD00C795D1 /* Project object */;
			proxyType = 1;
			remoteGlobalIDString = ABA0D89329DA02AD00C795D1;
			remoteInfo = DI;
		};
		ABA0D8B529DA02AF00C795D1 /* PBXContainerItemProxy */ = {
			isa = PBXContainerItemProxy;
			containerPortal = ABA0D88C29DA02AD00C795D1 /* Project object */;
			proxyType = 1;
			remoteGlobalIDString = ABA0D89329DA02AD00C795D1;
			remoteInfo = DI;
		};
		ABA0D8D729DA043100C795D1 /* PBXContainerItemProxy */ = {
			isa = PBXContainerItemProxy;
			containerPortal = ABA0D88C29DA02AD00C795D1 /* Project object */;
			proxyType = 1;
			remoteGlobalIDString = ABA0D8CB29DA043100C795D1;
			remoteInfo = ApiKit;
		};
		ABA0D8D929DA043100C795D1 /* PBXContainerItemProxy */ = {
			isa = PBXContainerItemProxy;
			containerPortal = ABA0D88C29DA02AD00C795D1 /* Project object */;
			proxyType = 1;
			remoteGlobalIDString = ABA0D89329DA02AD00C795D1;
			remoteInfo = DI;
		};
		ABA0D8DF29DA043100C795D1 /* PBXContainerItemProxy */ = {
			isa = PBXContainerItemProxy;
			containerPortal = ABA0D88C29DA02AD00C795D1 /* Project object */;
			proxyType = 1;
			remoteGlobalIDString = ABA0D8CB29DA043100C795D1;
			remoteInfo = ApiKit;
		};
		ABA0D8FC29DA069300C795D1 /* PBXContainerItemProxy */ = {
			isa = PBXContainerItemProxy;
			containerPortal = ABA0D88C29DA02AD00C795D1 /* Project object */;
			proxyType = 1;
			remoteGlobalIDString = ABA0D8F029DA069300C795D1;
			remoteInfo = AppUIKit;
		};
		ABA0D8FE29DA069300C795D1 /* PBXContainerItemProxy */ = {
			isa = PBXContainerItemProxy;
			containerPortal = ABA0D88C29DA02AD00C795D1 /* Project object */;
			proxyType = 1;
			remoteGlobalIDString = ABA0D89329DA02AD00C795D1;
			remoteInfo = DI;
		};
		ABA0D90429DA069300C795D1 /* PBXContainerItemProxy */ = {
			isa = PBXContainerItemProxy;
			containerPortal = ABA0D88C29DA02AD00C795D1 /* Project object */;
			proxyType = 1;
			remoteGlobalIDString = ABA0D8F029DA069300C795D1;
			remoteInfo = AppUIKit;
		};
/* End PBXContainerItemProxy section */

/* Begin PBXCopyFilesBuildPhase section */
		ABA0D8E629DA043100C795D1 /* Embed Frameworks */ = {
			isa = PBXCopyFilesBuildPhase;
			buildActionMask = 2147483647;
			dstPath = "";
			dstSubfolderSpec = 10;
			files = (
				ABA0D8E229DA043100C795D1 /* ApiKit.framework in Embed Frameworks */,
				ABA0D90729DA069300C795D1 /* AppUIKit.framework in Embed Frameworks */,
			);
			name = "Embed Frameworks";
			runOnlyForDeploymentPostprocessing = 0;
		};
/* End PBXCopyFilesBuildPhase section */

/* Begin PBXFileReference section */
		ABA0D89429DA02AD00C795D1 /* DI.app */ = {isa = PBXFileReference; explicitFileType = wrapper.application; includeInIndex = 0; path = DI.app; sourceTree = BUILT_PRODUCTS_DIR; };
		ABA0D89729DA02AD00C795D1 /* AppDelegate.swift */ = {isa = PBXFileReference; lastKnownFileType = sourcecode.swift; path = AppDelegate.swift; sourceTree = "<group>"; };
		ABA0D89929DA02AD00C795D1 /* SceneDelegate.swift */ = {isa = PBXFileReference; lastKnownFileType = sourcecode.swift; path = SceneDelegate.swift; sourceTree = "<group>"; };
		ABA0D89B29DA02AD00C795D1 /* ViewController.swift */ = {isa = PBXFileReference; lastKnownFileType = sourcecode.swift; path = ViewController.swift; sourceTree = "<group>"; };
		ABA0D89E29DA02AD00C795D1 /* Base */ = {isa = PBXFileReference; lastKnownFileType = file.storyboard; name = Base; path = Base.lproj/Main.storyboard; sourceTree = "<group>"; };
		ABA0D8A029DA02AE00C795D1 /* Assets.xcassets */ = {isa = PBXFileReference; lastKnownFileType = folder.assetcatalog; path = Assets.xcassets; sourceTree = "<group>"; };
		ABA0D8A329DA02AE00C795D1 /* Base */ = {isa = PBXFileReference; lastKnownFileType = file.storyboard; name = Base; path = Base.lproj/LaunchScreen.storyboard; sourceTree = "<group>"; };
		ABA0D8A529DA02AE00C795D1 /* Info.plist */ = {isa = PBXFileReference; lastKnownFileType = text.plist.xml; path = Info.plist; sourceTree = "<group>"; };
		ABA0D8AA29DA02AF00C795D1 /* DITests.xctest */ = {isa = PBXFileReference; explicitFileType = wrapper.cfbundle; includeInIndex = 0; path = DITests.xctest; sourceTree = BUILT_PRODUCTS_DIR; };
		ABA0D8AE29DA02AF00C795D1 /* DITests.swift */ = {isa = PBXFileReference; lastKnownFileType = sourcecode.swift; path = DITests.swift; sourceTree = "<group>"; };
		ABA0D8B429DA02AF00C795D1 /* DIUITests.xctest */ = {isa = PBXFileReference; explicitFileType = wrapper.cfbundle; includeInIndex = 0; path = DIUITests.xctest; sourceTree = BUILT_PRODUCTS_DIR; };
		ABA0D8B829DA02AF00C795D1 /* DIUITests.swift */ = {isa = PBXFileReference; lastKnownFileType = sourcecode.swift; path = DIUITests.swift; sourceTree = "<group>"; };
		ABA0D8BA29DA02AF00C795D1 /* DIUITestsLaunchTests.swift */ = {isa = PBXFileReference; lastKnownFileType = sourcecode.swift; path = DIUITestsLaunchTests.swift; sourceTree = "<group>"; };
		ABA0D8CC29DA043100C795D1 /* ApiKit.framework */ = {isa = PBXFileReference; explicitFileType = wrapper.framework; includeInIndex = 0; path = ApiKit.framework; sourceTree = BUILT_PRODUCTS_DIR; };
		ABA0D8CE29DA043100C795D1 /* ApiKit.h */ = {isa = PBXFileReference; lastKnownFileType = sourcecode.c.h; path = ApiKit.h; sourceTree = "<group>"; };
		ABA0D8CF29DA043100C795D1 /* ApiKit.docc */ = {isa = PBXFileReference; lastKnownFileType = folder.documentationcatalog; path = ApiKit.docc; sourceTree = "<group>"; };
		ABA0D8D529DA043100C795D1 /* ApiKitTests.xctest */ = {isa = PBXFileReference; explicitFileType = wrapper.cfbundle; includeInIndex = 0; path = ApiKitTests.xctest; sourceTree = BUILT_PRODUCTS_DIR; };
		ABA0D8DC29DA043100C795D1 /* ApiKitTests.swift */ = {isa = PBXFileReference; lastKnownFileType = sourcecode.swift; path = ApiKitTests.swift; sourceTree = "<group>"; };
		ABA0D8EA29DA044600C795D1 /* APICaller.swift */ = {isa = PBXFileReference; lastKnownFileType = sourcecode.swift; path = APICaller.swift; sourceTree = "<group>"; };
		ABA0D8F129DA069300C795D1 /* AppUIKit.framework */ = {isa = PBXFileReference; explicitFileType = wrapper.framework; includeInIndex = 0; path = AppUIKit.framework; sourceTree = BUILT_PRODUCTS_DIR; };
		ABA0D8F329DA069300C795D1 /* AppUIKit.h */ = {isa = PBXFileReference; lastKnownFileType = sourcecode.c.h; path = AppUIKit.h; sourceTree = "<group>"; };
		ABA0D8F429DA069300C795D1 /* AppUIKit.docc */ = {isa = PBXFileReference; lastKnownFileType = folder.documentationcatalog; path = AppUIKit.docc; sourceTree = "<group>"; };
		ABA0D8FA29DA069300C795D1 /* AppUIKitTests.xctest */ = {isa = PBXFileReference; explicitFileType = wrapper.cfbundle; includeInIndex = 0; path = AppUIKitTests.xctest; sourceTree = BUILT_PRODUCTS_DIR; };
		ABA0D90129DA069300C795D1 /* AppUIKitTests.swift */ = {isa = PBXFileReference; lastKnownFileType = sourcecode.swift; path = AppUIKitTests.swift; sourceTree = "<group>"; };
		ABA0D90E29DA06B600C795D1 /* CoursesViewController.swift */ = {isa = PBXFileReference; lastKnownFileType = sourcecode.swift; path = CoursesViewController.swift; sourceTree = "<group>"; };
/* End PBXFileReference section */

/* Begin PBXFrameworksBuildPhase section */
		ABA0D89129DA02AD00C795D1 /* Frameworks */ = {
			isa = PBXFrameworksBuildPhase;
			buildActionMask = 2147483647;
			files = (
				ABA0D8E129DA043100C795D1 /* ApiKit.framework in Frameworks */,
				ABA0D90629DA069300C795D1 /* AppUIKit.framework in Frameworks */,
			);
			runOnlyForDeploymentPostprocessing = 0;
		};
		ABA0D8A729DA02AF00C795D1 /* Frameworks */ = {
			isa = PBXFrameworksBuildPhase;
			buildActionMask = 2147483647;
			files = (
			);
			runOnlyForDeploymentPostprocessing = 0;
		};
		ABA0D8B129DA02AF00C795D1 /* Frameworks */ = {
			isa = PBXFrameworksBuildPhase;
			buildActionMask = 2147483647;
			files = (
			);
			runOnlyForDeploymentPostprocessing = 0;
		};
		ABA0D8C929DA043100C795D1 /* Frameworks */ = {
			isa = PBXFrameworksBuildPhase;
			buildActionMask = 2147483647;
			files = (
			);
			runOnlyForDeploymentPostprocessing = 0;
		};
		ABA0D8D229DA043100C795D1 /* Frameworks */ = {
			isa = PBXFrameworksBuildPhase;
			buildActionMask = 2147483647;
			files = (
				ABA0D8D629DA043100C795D1 /* ApiKit.framework in Frameworks */,
			);
			runOnlyForDeploymentPostprocessing = 0;
		};
		ABA0D8EE29DA069300C795D1 /* Frameworks */ = {
			isa = PBXFrameworksBuildPhase;
			buildActionMask = 2147483647;
			files = (
			);
			runOnlyForDeploymentPostprocessing = 0;
		};
		ABA0D8F729DA069300C795D1 /* Frameworks */ = {
			isa = PBXFrameworksBuildPhase;
			buildActionMask = 2147483647;
			files = (
				ABA0D8FB29DA069300C795D1 /* AppUIKit.framework in Frameworks */,
			);
			runOnlyForDeploymentPostprocessing = 0;
		};
/* End PBXFrameworksBuildPhase section */

/* Begin PBXGroup section */
		ABA0D88B29DA02AD00C795D1 = {
			isa = PBXGroup;
			children = (
				ABA0D89629DA02AD00C795D1 /* DI */,
				ABA0D8AD29DA02AF00C795D1 /* DITests */,
				ABA0D8B729DA02AF00C795D1 /* DIUITests */,
				ABA0D8CD29DA043100C795D1 /* ApiKit */,
				ABA0D8DB29DA043100C795D1 /* ApiKitTests */,
				ABA0D8F229DA069300C795D1 /* AppUIKit */,
				ABA0D90029DA069300C795D1 /* AppUIKitTests */,
				ABA0D89529DA02AD00C795D1 /* Products */,
			);
			sourceTree = "<group>";
		};
		ABA0D89529DA02AD00C795D1 /* Products */ = {
			isa = PBXGroup;
			children = (
				ABA0D89429DA02AD00C795D1 /* DI.app */,
				ABA0D8AA29DA02AF00C795D1 /* DITests.xctest */,
				ABA0D8B429DA02AF00C795D1 /* DIUITests.xctest */,
				ABA0D8CC29DA043100C795D1 /* ApiKit.framework */,
				ABA0D8D529DA043100C795D1 /* ApiKitTests.xctest */,
				ABA0D8F129DA069300C795D1 /* AppUIKit.framework */,
				ABA0D8FA29DA069300C795D1 /* AppUIKitTests.xctest */,
			);
			name = Products;
			sourceTree = "<group>";
		};
		ABA0D89629DA02AD00C795D1 /* DI */ = {
			isa = PBXGroup;
			children = (
				ABA0D89729DA02AD00C795D1 /* AppDelegate.swift */,
				ABA0D89929DA02AD00C795D1 /* SceneDelegate.swift */,
				ABA0D89B29DA02AD00C795D1 /* ViewController.swift */,
				ABA0D89D29DA02AD00C795D1 /* Main.storyboard */,
				ABA0D8A029DA02AE00C795D1 /* Assets.xcassets */,
				ABA0D8A229DA02AE00C795D1 /* LaunchScreen.storyboard */,
				ABA0D8A529DA02AE00C795D1 /* Info.plist */,
			);
			path = DI;
			sourceTree = "<group>";
		};
		ABA0D8AD29DA02AF00C795D1 /* DITests */ = {
			isa = PBXGroup;
			children = (
				ABA0D8AE29DA02AF00C795D1 /* DITests.swift */,
			);
			path = DITests;
			sourceTree = "<group>";
		};
		ABA0D8B729DA02AF00C795D1 /* DIUITests */ = {
			isa = PBXGroup;
			children = (
				ABA0D8B829DA02AF00C795D1 /* DIUITests.swift */,
				ABA0D8BA29DA02AF00C795D1 /* DIUITestsLaunchTests.swift */,
			);
			path = DIUITests;
			sourceTree = "<group>";
		};
		ABA0D8CD29DA043100C795D1 /* ApiKit */ = {
			isa = PBXGroup;
			children = (
				ABA0D8CE29DA043100C795D1 /* ApiKit.h */,
				ABA0D8CF29DA043100C795D1 /* ApiKit.docc */,
				ABA0D8EA29DA044600C795D1 /* APICaller.swift */,
			);
			path = ApiKit;
			sourceTree = "<group>";
		};
		ABA0D8DB29DA043100C795D1 /* ApiKitTests */ = {
			isa = PBXGroup;
			children = (
				ABA0D8DC29DA043100C795D1 /* ApiKitTests.swift */,
			);
			path = ApiKitTests;
			sourceTree = "<group>";
		};
		ABA0D8F229DA069300C795D1 /* AppUIKit */ = {
			isa = PBXGroup;
			children = (
				ABA0D8F329DA069300C795D1 /* AppUIKit.h */,
				ABA0D8F429DA069300C795D1 /* AppUIKit.docc */,
				ABA0D90E29DA06B600C795D1 /* CoursesViewController.swift */,
			);
			path = AppUIKit;
			sourceTree = "<group>";
		};
		ABA0D90029DA069300C795D1 /* AppUIKitTests */ = {
			isa = PBXGroup;
			children = (
				ABA0D90129DA069300C795D1 /* AppUIKitTests.swift */,
			);
			path = AppUIKitTests;
			sourceTree = "<group>";
		};
/* End PBXGroup section */

/* Begin PBXHeadersBuildPhase section */
		ABA0D8C729DA043100C795D1 /* Headers */ = {
			isa = PBXHeadersBuildPhase;
			buildActionMask = 2147483647;
			files = (
				ABA0D8DE29DA043100C795D1 /* ApiKit.h in Headers */,
			);
			runOnlyForDeploymentPostprocessing = 0;
		};
		ABA0D8EC29DA069300C795D1 /* Headers */ = {
			isa = PBXHeadersBuildPhase;
			buildActionMask = 2147483647;
			files = (
				ABA0D90329DA069300C795D1 /* AppUIKit.h in Headers */,
			);
			runOnlyForDeploymentPostprocessing = 0;
		};
/* End PBXHeadersBuildPhase section */

/* Begin PBXNativeTarget section */
		ABA0D89329DA02AD00C795D1 /* DI */ = {
			isa = PBXNativeTarget;
			buildConfigurationList = ABA0D8BE29DA02AF00C795D1 /* Build configuration list for PBXNativeTarget "DI" */;
			buildPhases = (
				ABA0D89029DA02AD00C795D1 /* Sources */,
				ABA0D89129DA02AD00C795D1 /* Frameworks */,
				ABA0D89229DA02AD00C795D1 /* Resources */,
				ABA0D8E629DA043100C795D1 /* Embed Frameworks */,
			);
			buildRules = (
			);
			dependencies = (
				ABA0D8E029DA043100C795D1 /* PBXTargetDependency */,
				ABA0D90529DA069300C795D1 /* PBXTargetDependency */,
			);
			name = DI;
			productName = DI;
			productReference = ABA0D89429DA02AD00C795D1 /* DI.app */;
			productType = "com.apple.product-type.application";
		};
		ABA0D8A929DA02AF00C795D1 /* DITests */ = {
			isa = PBXNativeTarget;
			buildConfigurationList = ABA0D8C129DA02AF00C795D1 /* Build configuration list for PBXNativeTarget "DITests" */;
			buildPhases = (
				ABA0D8A629DA02AF00C795D1 /* Sources */,
				ABA0D8A729DA02AF00C795D1 /* Frameworks */,
				ABA0D8A829DA02AF00C795D1 /* Resources */,
			);
			buildRules = (
			);
			dependencies = (
				ABA0D8AC29DA02AF00C795D1 /* PBXTargetDependency */,
			);
			name = DITests;
			productName = DITests;
			productReference = ABA0D8AA29DA02AF00C795D1 /* DITests.xctest */;
			productType = "com.apple.product-type.bundle.unit-test";
		};
		ABA0D8B329DA02AF00C795D1 /* DIUITests */ = {
			isa = PBXNativeTarget;
			buildConfigurationList = ABA0D8C429DA02AF00C795D1 /* Build configuration list for PBXNativeTarget "DIUITests" */;
			buildPhases = (
				ABA0D8B029DA02AF00C795D1 /* Sources */,
				ABA0D8B129DA02AF00C795D1 /* Frameworks */,
				ABA0D8B229DA02AF00C795D1 /* Resources */,
			);
			buildRules = (
			);
			dependencies = (
				ABA0D8B629DA02AF00C795D1 /* PBXTargetDependency */,
			);
			name = DIUITests;
			productName = DIUITests;
			productReference = ABA0D8B429DA02AF00C795D1 /* DIUITests.xctest */;
			productType = "com.apple.product-type.bundle.ui-testing";
		};
		ABA0D8CB29DA043100C795D1 /* ApiKit */ = {
			isa = PBXNativeTarget;
			buildConfigurationList = ABA0D8E329DA043100C795D1 /* Build configuration list for PBXNativeTarget "ApiKit" */;
			buildPhases = (
				ABA0D8C729DA043100C795D1 /* Headers */,
				ABA0D8C829DA043100C795D1 /* Sources */,
				ABA0D8C929DA043100C795D1 /* Frameworks */,
				ABA0D8CA29DA043100C795D1 /* Resources */,
			);
			buildRules = (
			);
			dependencies = (
			);
			name = ApiKit;
			productName = ApiKit;
			productReference = ABA0D8CC29DA043100C795D1 /* ApiKit.framework */;
			productType = "com.apple.product-type.framework";
		};
		ABA0D8D429DA043100C795D1 /* ApiKitTests */ = {
			isa = PBXNativeTarget;
			buildConfigurationList = ABA0D8E729DA043100C795D1 /* Build configuration list for PBXNativeTarget "ApiKitTests" */;
			buildPhases = (
				ABA0D8D129DA043100C795D1 /* Sources */,
				ABA0D8D229DA043100C795D1 /* Frameworks */,
				ABA0D8D329DA043100C795D1 /* Resources */,
			);
			buildRules = (
			);
			dependencies = (
				ABA0D8D829DA043100C795D1 /* PBXTargetDependency */,
				ABA0D8DA29DA043100C795D1 /* PBXTargetDependency */,
			);
			name = ApiKitTests;
			productName = ApiKitTests;
			productReference = ABA0D8D529DA043100C795D1 /* ApiKitTests.xctest */;
			productType = "com.apple.product-type.bundle.unit-test";
		};
		ABA0D8F029DA069300C795D1 /* AppUIKit */ = {
			isa = PBXNativeTarget;
			buildConfigurationList = ABA0D90829DA069300C795D1 /* Build configuration list for PBXNativeTarget "AppUIKit" */;
			buildPhases = (
				ABA0D8EC29DA069300C795D1 /* Headers */,
				ABA0D8ED29DA069300C795D1 /* Sources */,
				ABA0D8EE29DA069300C795D1 /* Frameworks */,
				ABA0D8EF29DA069300C795D1 /* Resources */,
			);
			buildRules = (
			);
			dependencies = (
			);
			name = AppUIKit;
			productName = AppUIKit;
			productReference = ABA0D8F129DA069300C795D1 /* AppUIKit.framework */;
			productType = "com.apple.product-type.framework";
		};
		ABA0D8F929DA069300C795D1 /* AppUIKitTests */ = {
			isa = PBXNativeTarget;
			buildConfigurationList = ABA0D90B29DA069300C795D1 /* Build configuration list for PBXNativeTarget "AppUIKitTests" */;
			buildPhases = (
				ABA0D8F629DA069300C795D1 /* Sources */,
				ABA0D8F729DA069300C795D1 /* Frameworks */,
				ABA0D8F829DA069300C795D1 /* Resources */,
			);
			buildRules = (
			);
			dependencies = (
				ABA0D8FD29DA069300C795D1 /* PBXTargetDependency */,
				ABA0D8FF29DA069300C795D1 /* PBXTargetDependency */,
			);
			name = AppUIKitTests;
			productName = AppUIKitTests;
			productReference = ABA0D8FA29DA069300C795D1 /* AppUIKitTests.xctest */;
			productType = "com.apple.product-type.bundle.unit-test";
		};
/* End PBXNativeTarget section */

/* Begin PBXProject section */
		ABA0D88C29DA02AD00C795D1 /* Project object */ = {
			isa = PBXProject;
			attributes = {
				BuildIndependentTargetsInParallel = 1;
				LastSwiftUpdateCheck = 1420;
				LastUpgradeCheck = 1420;
				TargetAttributes = {
					ABA0D89329DA02AD00C795D1 = {
						CreatedOnToolsVersion = 14.2;
					};
					ABA0D8A929DA02AF00C795D1 = {
						CreatedOnToolsVersion = 14.2;
						TestTargetID = ABA0D89329DA02AD00C795D1;
					};
					ABA0D8B329DA02AF00C795D1 = {
						CreatedOnToolsVersion = 14.2;
						TestTargetID = ABA0D89329DA02AD00C795D1;
					};
					ABA0D8CB29DA043100C795D1 = {
						CreatedOnToolsVersion = 14.2;
					};
					ABA0D8D429DA043100C795D1 = {
						CreatedOnToolsVersion = 14.2;
						TestTargetID = ABA0D89329DA02AD00C795D1;
					};
					ABA0D8F029DA069300C795D1 = {
						CreatedOnToolsVersion = 14.2;
					};
					ABA0D8F929DA069300C795D1 = {
						CreatedOnToolsVersion = 14.2;
						TestTargetID = ABA0D89329DA02AD00C795D1;
					};
				};
			};
			buildConfigurationList = ABA0D88F29DA02AD00C795D1 /* Build configuration list for PBXProject "DI" */;
			compatibilityVersion = "Xcode 14.0";
			developmentRegion = en;
			hasScannedForEncodings = 0;
			knownRegions = (
				en,
				Base,
			);
			mainGroup = ABA0D88B29DA02AD00C795D1;
			productRefGroup = ABA0D89529DA02AD00C795D1 /* Products */;
			projectDirPath = "";
			projectRoot = "";
			targets = (
				ABA0D89329DA02AD00C795D1 /* DI */,
				ABA0D8A929DA02AF00C795D1 /* DITests */,
				ABA0D8B329DA02AF00C795D1 /* DIUITests */,
				ABA0D8CB29DA043100C795D1 /* ApiKit */,
				ABA0D8D429DA043100C795D1 /* ApiKitTests */,
				ABA0D8F029DA069300C795D1 /* AppUIKit */,
				ABA0D8F929DA069300C795D1 /* AppUIKitTests */,
			);
		};
/* End PBXProject section */

/* Begin PBXResourcesBuildPhase section */
		ABA0D89229DA02AD00C795D1 /* Resources */ = {
			isa = PBXResourcesBuildPhase;
			buildActionMask = 2147483647;
			files = (
				ABA0D8A429DA02AE00C795D1 /* LaunchScreen.storyboard in Resources */,
				ABA0D8A129DA02AE00C795D1 /* Assets.xcassets in Resources */,
				ABA0D89F29DA02AD00C795D1 /* Main.storyboard in Resources */,
			);
			runOnlyForDeploymentPostprocessing = 0;
		};
		ABA0D8A829DA02AF00C795D1 /* Resources */ = {
			isa = PBXResourcesBuildPhase;
			buildActionMask = 2147483647;
			files = (
			);
			runOnlyForDeploymentPostprocessing = 0;
		};
		ABA0D8B229DA02AF00C795D1 /* Resources */ = {
			isa = PBXResourcesBuildPhase;
			buildActionMask = 2147483647;
			files = (
			);
			runOnlyForDeploymentPostprocessing = 0;
		};
		ABA0D8CA29DA043100C795D1 /* Resources */ = {
			isa = PBXResourcesBuildPhase;
			buildActionMask = 2147483647;
			files = (
			);
			runOnlyForDeploymentPostprocessing = 0;
		};
		ABA0D8D329DA043100C795D1 /* Resources */ = {
			isa = PBXResourcesBuildPhase;
			buildActionMask = 2147483647;
			files = (
			);
			runOnlyForDeploymentPostprocessing = 0;
		};
		ABA0D8EF29DA069300C795D1 /* Resources */ = {
			isa = PBXResourcesBuildPhase;
			buildActionMask = 2147483647;
			files = (
			);
			runOnlyForDeploymentPostprocessing = 0;
		};
		ABA0D8F829DA069300C795D1 /* Resources */ = {
			isa = PBXResourcesBuildPhase;
			buildActionMask = 2147483647;
			files = (
			);
			runOnlyForDeploymentPostprocessing = 0;
		};
/* End PBXResourcesBuildPhase section */

/* Begin PBXSourcesBuildPhase section */
		ABA0D89029DA02AD00C795D1 /* Sources */ = {
			isa = PBXSourcesBuildPhase;
			buildActionMask = 2147483647;
			files = (
				ABA0D89C29DA02AD00C795D1 /* ViewController.swift in Sources */,
				ABA0D89829DA02AD00C795D1 /* AppDelegate.swift in Sources */,
				ABA0D89A29DA02AD00C795D1 /* SceneDelegate.swift in Sources */,
			);
			runOnlyForDeploymentPostprocessing = 0;
		};
		ABA0D8A629DA02AF00C795D1 /* Sources */ = {
			isa = PBXSourcesBuildPhase;
			buildActionMask = 2147483647;
			files = (
				ABA0D8AF29DA02AF00C795D1 /* DITests.swift in Sources */,
			);
			runOnlyForDeploymentPostprocessing = 0;
		};
		ABA0D8B029DA02AF00C795D1 /* Sources */ = {
			isa = PBXSourcesBuildPhase;
			buildActionMask = 2147483647;
			files = (
				ABA0D8B929DA02AF00C795D1 /* DIUITests.swift in Sources */,
				ABA0D8BB29DA02AF00C795D1 /* DIUITestsLaunchTests.swift in Sources */,
			);
			runOnlyForDeploymentPostprocessing = 0;
		};
		ABA0D8C829DA043100C795D1 /* Sources */ = {
			isa = PBXSourcesBuildPhase;
			buildActionMask = 2147483647;
			files = (
				ABA0D8D029DA043100C795D1 /* ApiKit.docc in Sources */,
				ABA0D8EB29DA044600C795D1 /* APICaller.swift in Sources */,
			);
			runOnlyForDeploymentPostprocessing = 0;
		};
		ABA0D8D129DA043100C795D1 /* Sources */ = {
			isa = PBXSourcesBuildPhase;
			buildActionMask = 2147483647;
			files = (
				ABA0D8DD29DA043100C795D1 /* ApiKitTests.swift in Sources */,
			);
			runOnlyForDeploymentPostprocessing = 0;
		};
		ABA0D8ED29DA069300C795D1 /* Sources */ = {
			isa = PBXSourcesBuildPhase;
			buildActionMask = 2147483647;
			files = (
				ABA0D8F529DA069300C795D1 /* AppUIKit.docc in Sources */,
				ABA0D90F29DA06B600C795D1 /* CoursesViewController.swift in Sources */,
			);
			runOnlyForDeploymentPostprocessing = 0;
		};
		ABA0D8F629DA069300C795D1 /* Sources */ = {
			isa = PBXSourcesBuildPhase;
			buildActionMask = 2147483647;
			files = (
				ABA0D90229DA069300C795D1 /* AppUIKitTests.swift in Sources */,
			);
			runOnlyForDeploymentPostprocessing = 0;
		};
/* End PBXSourcesBuildPhase section */

/* Begin PBXTargetDependency section */
		ABA0D8AC29DA02AF00C795D1 /* PBXTargetDependency */ = {
			isa = PBXTargetDependency;
			target = ABA0D89329DA02AD00C795D1 /* DI */;
			targetProxy = ABA0D8AB29DA02AF00C795D1 /* PBXContainerItemProxy */;
		};
		ABA0D8B629DA02AF00C795D1 /* PBXTargetDependency */ = {
			isa = PBXTargetDependency;
			target = ABA0D89329DA02AD00C795D1 /* DI */;
			targetProxy = ABA0D8B529DA02AF00C795D1 /* PBXContainerItemProxy */;
		};
		ABA0D8D829DA043100C795D1 /* PBXTargetDependency */ = {
			isa = PBXTargetDependency;
			target = ABA0D8CB29DA043100C795D1 /* ApiKit */;
			targetProxy = ABA0D8D729DA043100C795D1 /* PBXContainerItemProxy */;
		};
		ABA0D8DA29DA043100C795D1 /* PBXTargetDependency */ = {
			isa = PBXTargetDependency;
			target = ABA0D89329DA02AD00C795D1 /* DI */;
			targetProxy = ABA0D8D929DA043100C795D1 /* PBXContainerItemProxy */;
		};
		ABA0D8E029DA043100C795D1 /* PBXTargetDependency */ = {
			isa = PBXTargetDependency;
			target = ABA0D8CB29DA043100C795D1 /* ApiKit */;
			targetProxy = ABA0D8DF29DA043100C795D1 /* PBXContainerItemProxy */;
		};
		ABA0D8FD29DA069300C795D1 /* PBXTargetDependency */ = {
			isa = PBXTargetDependency;
			target = ABA0D8F029DA069300C795D1 /* AppUIKit */;
			targetProxy = ABA0D8FC29DA069300C795D1 /* PBXContainerItemProxy */;
		};
		ABA0D8FF29DA069300C795D1 /* PBXTargetDependency */ = {
			isa = PBXTargetDependency;
			target = ABA0D89329DA02AD00C795D1 /* DI */;
			targetProxy = ABA0D8FE29DA069300C795D1 /* PBXContainerItemProxy */;
		};
		ABA0D90529DA069300C795D1 /* PBXTargetDependency */ = {
			isa = PBXTargetDependency;
			target = ABA0D8F029DA069300C795D1 /* AppUIKit */;
			targetProxy = ABA0D90429DA069300C795D1 /* PBXContainerItemProxy */;
		};
/* End PBXTargetDependency section */

/* Begin PBXVariantGroup section */
		ABA0D89D29DA02AD00C795D1 /* Main.storyboard */ = {
			isa = PBXVariantGroup;
			children = (
				ABA0D89E29DA02AD00C795D1 /* Base */,
			);
			name = Main.storyboard;
			sourceTree = "<group>";
		};
		ABA0D8A229DA02AE00C795D1 /* LaunchScreen.storyboard */ = {
			isa = PBXVariantGroup;
			children = (
				ABA0D8A329DA02AE00C795D1 /* Base */,
			);
			name = LaunchScreen.storyboard;
			sourceTree = "<group>";
		};
/* End PBXVariantGroup section */

/* Begin XCBuildConfiguration section */
		ABA0D8BC29DA02AF00C795D1 /* Debug */ = {
			isa = XCBuildConfiguration;
			buildSettings = {
				ALWAYS_SEARCH_USER_PATHS = NO;
				CLANG_ANALYZER_NONNULL = YES;
				CLANG_ANALYZER_NUMBER_OBJECT_CONVERSION = YES_AGGRESSIVE;
				CLANG_CXX_LANGUAGE_STANDARD = "gnu++20";
				CLANG_ENABLE_MODULES = YES;
				CLANG_ENABLE_OBJC_ARC = YES;
				CLANG_ENABLE_OBJC_WEAK = YES;
				CLANG_WARN_BLOCK_CAPTURE_AUTORELEASING = YES;
				CLANG_WARN_BOOL_CONVERSION = YES;
				CLANG_WARN_COMMA = YES;
				CLANG_WARN_CONSTANT_CONVERSION = YES;
				CLANG_WARN_DEPRECATED_OBJC_IMPLEMENTATIONS = YES;
				CLANG_WARN_DIRECT_OBJC_ISA_USAGE = YES_ERROR;
				CLANG_WARN_DOCUMENTATION_COMMENTS = YES;
				CLANG_WARN_EMPTY_BODY = YES;
				CLANG_WARN_ENUM_CONVERSION = YES;
				CLANG_WARN_INFINITE_RECURSION = YES;
				CLANG_WARN_INT_CONVERSION = YES;
				CLANG_WARN_NON_LITERAL_NULL_CONVERSION = YES;
				CLANG_WARN_OBJC_IMPLICIT_RETAIN_SELF = YES;
				CLANG_WARN_OBJC_LITERAL_CONVERSION = YES;
				CLANG_WARN_OBJC_ROOT_CLASS = YES_ERROR;
				CLANG_WARN_QUOTED_INCLUDE_IN_FRAMEWORK_HEADER = YES;
				CLANG_WARN_RANGE_LOOP_ANALYSIS = YES;
				CLANG_WARN_STRICT_PROTOTYPES = YES;
				CLANG_WARN_SUSPICIOUS_MOVE = YES;
				CLANG_WARN_UNGUARDED_AVAILABILITY = YES_AGGRESSIVE;
				CLANG_WARN_UNREACHABLE_CODE = YES;
				CLANG_WARN__DUPLICATE_METHOD_MATCH = YES;
				COPY_PHASE_STRIP = NO;
				DEBUG_INFORMATION_FORMAT = dwarf;
				ENABLE_STRICT_OBJC_MSGSEND = YES;
				ENABLE_TESTABILITY = YES;
				GCC_C_LANGUAGE_STANDARD = gnu11;
				GCC_DYNAMIC_NO_PIC = NO;
				GCC_NO_COMMON_BLOCKS = YES;
				GCC_OPTIMIZATION_LEVEL = 0;
				GCC_PREPROCESSOR_DEFINITIONS = (
					"DEBUG=1",
					"$(inherited)",
				);
				GCC_WARN_64_TO_32_BIT_CONVERSION = YES;
				GCC_WARN_ABOUT_RETURN_TYPE = YES_ERROR;
				GCC_WARN_UNDECLARED_SELECTOR = YES;
				GCC_WARN_UNINITIALIZED_AUTOS = YES_AGGRESSIVE;
				GCC_WARN_UNUSED_FUNCTION = YES;
				GCC_WARN_UNUSED_VARIABLE = YES;
				IPHONEOS_DEPLOYMENT_TARGET = 16.2;
				MTL_ENABLE_DEBUG_INFO = INCLUDE_SOURCE;
				MTL_FAST_MATH = YES;
				ONLY_ACTIVE_ARCH = YES;
				SDKROOT = iphoneos;
				SWIFT_ACTIVE_COMPILATION_CONDITIONS = DEBUG;
				SWIFT_OPTIMIZATION_LEVEL = "-Onone";
			};
			name = Debug;
		};
		ABA0D8BD29DA02AF00C795D1 /* Release */ = {
			isa = XCBuildConfiguration;
			buildSettings = {
				ALWAYS_SEARCH_USER_PATHS = NO;
				CLANG_ANALYZER_NONNULL = YES;
				CLANG_ANALYZER_NUMBER_OBJECT_CONVERSION = YES_AGGRESSIVE;
				CLANG_CXX_LANGUAGE_STANDARD = "gnu++20";
				CLANG_ENABLE_MODULES = YES;
				CLANG_ENABLE_OBJC_ARC = YES;
				CLANG_ENABLE_OBJC_WEAK = YES;
				CLANG_WARN_BLOCK_CAPTURE_AUTORELEASING = YES;
				CLANG_WARN_BOOL_CONVERSION = YES;
				CLANG_WARN_COMMA = YES;
				CLANG_WARN_CONSTANT_CONVERSION = YES;
				CLANG_WARN_DEPRECATED_OBJC_IMPLEMENTATIONS = YES;
				CLANG_WARN_DIRECT_OBJC_ISA_USAGE = YES_ERROR;
				CLANG_WARN_DOCUMENTATION_COMMENTS = YES;
				CLANG_WARN_EMPTY_BODY = YES;
				CLANG_WARN_ENUM_CONVERSION = YES;
				CLANG_WARN_INFINITE_RECURSION = YES;
				CLANG_WARN_INT_CONVERSION = YES;
				CLANG_WARN_NON_LITERAL_NULL_CONVERSION = YES;
				CLANG_WARN_OBJC_IMPLICIT_RETAIN_SELF = YES;
				CLANG_WARN_OBJC_LITERAL_CONVERSION = YES;
				CLANG_WARN_OBJC_ROOT_CLASS = YES_ERROR;
				CLANG_WARN_QUOTED_INCLUDE_IN_FRAMEWORK_HEADER = YES;
				CLANG_WARN_RANGE_LOOP_ANALYSIS = YES;
				CLANG_WARN_STRICT_PROTOTYPES = YES;
				CLANG_WARN_SUSPICIOUS_MOVE = YES;
				CLANG_WARN_UNGUARDED_AVAILABILITY = YES_AGGRESSIVE;
				CLANG_WARN_UNREACHABLE_CODE = YES;
				CLANG_WARN__DUPLICATE_METHOD_MATCH = YES;
				COPY_PHASE_STRIP = NO;
				DEBUG_INFORMATION_FORMAT = "dwarf-with-dsym";
				ENABLE_NS_ASSERTIONS = NO;
				ENABLE_STRICT_OBJC_MSGSEND = YES;
				GCC_C_LANGUAGE_STANDARD = gnu11;
				GCC_NO_COMMON_BLOCKS = YES;
				GCC_WARN_64_TO_32_BIT_CONVERSION = YES;
				GCC_WARN_ABOUT_RETURN_TYPE = YES_ERROR;
				GCC_WARN_UNDECLARED_SELECTOR = YES;
				GCC_WARN_UNINITIALIZED_AUTOS = YES_AGGRESSIVE;
				GCC_WARN_UNUSED_FUNCTION = YES;
				GCC_WARN_UNUSED_VARIABLE = YES;
				IPHONEOS_DEPLOYMENT_TARGET = 16.2;
				MTL_ENABLE_DEBUG_INFO = NO;
				MTL_FAST_MATH = YES;
				SDKROOT = iphoneos;
				SWIFT_COMPILATION_MODE = wholemodule;
				SWIFT_OPTIMIZATION_LEVEL = "-O";
				VALIDATE_PRODUCT = YES;
			};
			name = Release;
		};
		ABA0D8BF29DA02AF00C795D1 /* Debug */ = {
			isa = XCBuildConfiguration;
			buildSettings = {
				ALWAYS_EMBED_SWIFT_STANDARD_LIBRARIES = YES;
				ASSETCATALOG_COMPILER_APPICON_NAME = AppIcon;
				ASSETCATALOG_COMPILER_GLOBAL_ACCENT_COLOR_NAME = AccentColor;
				CODE_SIGN_STYLE = Automatic;
				CURRENT_PROJECT_VERSION = 1;
				GENERATE_INFOPLIST_FILE = YES;
				INFOPLIST_FILE = DI/Info.plist;
				INFOPLIST_KEY_UIApplicationSupportsIndirectInputEvents = YES;
				INFOPLIST_KEY_UILaunchStoryboardName = LaunchScreen;
				INFOPLIST_KEY_UIMainStoryboardFile = Main;
				INFOPLIST_KEY_UISupportedInterfaceOrientations_iPad = "UIInterfaceOrientationPortrait UIInterfaceOrientationPortraitUpsideDown UIInterfaceOrientationLandscapeLeft UIInterfaceOrientationLandscapeRight";
				INFOPLIST_KEY_UISupportedInterfaceOrientations_iPhone = "UIInterfaceOrientationPortrait UIInterfaceOrientationLandscapeLeft UIInterfaceOrientationLandscapeRight";
				LD_RUNPATH_SEARCH_PATHS = (
					"$(inherited)",
					"@executable_path/Frameworks",
				);
				MARKETING_VERSION = 1.0;
				PRODUCT_BUNDLE_IDENTIFIER = Nothing.DI;
				PRODUCT_NAME = "$(TARGET_NAME)";
				SWIFT_EMIT_LOC_STRINGS = YES;
				SWIFT_VERSION = 5.0;
				TARGETED_DEVICE_FAMILY = "1,2";
			};
			name = Debug;
		};
		ABA0D8C029DA02AF00C795D1 /* Release */ = {
			isa = XCBuildConfiguration;
			buildSettings = {
				ALWAYS_EMBED_SWIFT_STANDARD_LIBRARIES = YES;
				ASSETCATALOG_COMPILER_APPICON_NAME = AppIcon;
				ASSETCATALOG_COMPILER_GLOBAL_ACCENT_COLOR_NAME = AccentColor;
				CODE_SIGN_STYLE = Automatic;
				CURRENT_PROJECT_VERSION = 1;
				GENERATE_INFOPLIST_FILE = YES;
				INFOPLIST_FILE = DI/Info.plist;
				INFOPLIST_KEY_UIApplicationSupportsIndirectInputEvents = YES;
				INFOPLIST_KEY_UILaunchStoryboardName = LaunchScreen;
				INFOPLIST_KEY_UIMainStoryboardFile = Main;
				INFOPLIST_KEY_UISupportedInterfaceOrientations_iPad = "UIInterfaceOrientationPortrait UIInterfaceOrientationPortraitUpsideDown UIInterfaceOrientationLandscapeLeft UIInterfaceOrientationLandscapeRight";
				INFOPLIST_KEY_UISupportedInterfaceOrientations_iPhone = "UIInterfaceOrientationPortrait UIInterfaceOrientationLandscapeLeft UIInterfaceOrientationLandscapeRight";
				LD_RUNPATH_SEARCH_PATHS = (
					"$(inherited)",
					"@executable_path/Frameworks",
				);
				MARKETING_VERSION = 1.0;
				PRODUCT_BUNDLE_IDENTIFIER = Nothing.DI;
				PRODUCT_NAME = "$(TARGET_NAME)";
				SWIFT_EMIT_LOC_STRINGS = YES;
				SWIFT_VERSION = 5.0;
				TARGETED_DEVICE_FAMILY = "1,2";
			};
			name = Release;
		};
		ABA0D8C229DA02AF00C795D1 /* Debug */ = {
			isa = XCBuildConfiguration;
			buildSettings = {
				ALWAYS_EMBED_SWIFT_STANDARD_LIBRARIES = YES;
				BUNDLE_LOADER = "$(TEST_HOST)";
				CODE_SIGN_STYLE = Automatic;
				CURRENT_PROJECT_VERSION = 1;
				GENERATE_INFOPLIST_FILE = YES;
				IPHONEOS_DEPLOYMENT_TARGET = 16.2;
				MARKETING_VERSION = 1.0;
				PRODUCT_BUNDLE_IDENTIFIER = Nothing.DITests;
				PRODUCT_NAME = "$(TARGET_NAME)";
				SWIFT_EMIT_LOC_STRINGS = NO;
				SWIFT_VERSION = 5.0;
				TARGETED_DEVICE_FAMILY = "1,2";
				TEST_HOST = "$(BUILT_PRODUCTS_DIR)/DI.app/$(BUNDLE_EXECUTABLE_FOLDER_PATH)/DI";
			};
			name = Debug;
		};
		ABA0D8C329DA02AF00C795D1 /* Release */ = {
			isa = XCBuildConfiguration;
			buildSettings = {
				ALWAYS_EMBED_SWIFT_STANDARD_LIBRARIES = YES;
				BUNDLE_LOADER = "$(TEST_HOST)";
				CODE_SIGN_STYLE = Automatic;
				CURRENT_PROJECT_VERSION = 1;
				GENERATE_INFOPLIST_FILE = YES;
				IPHONEOS_DEPLOYMENT_TARGET = 16.2;
				MARKETING_VERSION = 1.0;
				PRODUCT_BUNDLE_IDENTIFIER = Nothing.DITests;
				PRODUCT_NAME = "$(TARGET_NAME)";
				SWIFT_EMIT_LOC_STRINGS = NO;
				SWIFT_VERSION = 5.0;
				TARGETED_DEVICE_FAMILY = "1,2";
				TEST_HOST = "$(BUILT_PRODUCTS_DIR)/DI.app/$(BUNDLE_EXECUTABLE_FOLDER_PATH)/DI";
			};
			name = Release;
		};
		ABA0D8C529DA02AF00C795D1 /* Debug */ = {
			isa = XCBuildConfiguration;
			buildSettings = {
				ALWAYS_EMBED_SWIFT_STANDARD_LIBRARIES = YES;
				CODE_SIGN_STYLE = Automatic;
				CURRENT_PROJECT_VERSION = 1;
				GENERATE_INFOPLIST_FILE = YES;
				MARKETING_VERSION = 1.0;
				PRODUCT_BUNDLE_IDENTIFIER = Nothing.DIUITests;
				PRODUCT_NAME = "$(TARGET_NAME)";
				SWIFT_EMIT_LOC_STRINGS = NO;
				SWIFT_VERSION = 5.0;
				TARGETED_DEVICE_FAMILY = "1,2";
				TEST_TARGET_NAME = DI;
			};
			name = Debug;
		};
		ABA0D8C629DA02AF00C795D1 /* Release */ = {
			isa = XCBuildConfiguration;
			buildSettings = {
				ALWAYS_EMBED_SWIFT_STANDARD_LIBRARIES = YES;
				CODE_SIGN_STYLE = Automatic;
				CURRENT_PROJECT_VERSION = 1;
				GENERATE_INFOPLIST_FILE = YES;
				MARKETING_VERSION = 1.0;
				PRODUCT_BUNDLE_IDENTIFIER = Nothing.DIUITests;
				PRODUCT_NAME = "$(TARGET_NAME)";
				SWIFT_EMIT_LOC_STRINGS = NO;
				SWIFT_VERSION = 5.0;
				TARGETED_DEVICE_FAMILY = "1,2";
				TEST_TARGET_NAME = DI;
			};
			name = Release;
		};
		ABA0D8E429DA043100C795D1 /* Debug */ = {
			isa = XCBuildConfiguration;
			buildSettings = {
				CODE_SIGN_STYLE = Automatic;
				CURRENT_PROJECT_VERSION = 1;
				DEFINES_MODULE = YES;
				DYLIB_COMPATIBILITY_VERSION = 1;
				DYLIB_CURRENT_VERSION = 1;
				DYLIB_INSTALL_NAME_BASE = "@rpath";
				GENERATE_INFOPLIST_FILE = YES;
				INFOPLIST_KEY_NSHumanReadableCopyright = "";
				INSTALL_PATH = "$(LOCAL_LIBRARY_DIR)/Frameworks";
				LD_RUNPATH_SEARCH_PATHS = (
					"$(inherited)",
					"@executable_path/Frameworks",
					"@loader_path/Frameworks",
				);
				MARKETING_VERSION = 1.0;
				PRODUCT_BUNDLE_IDENTIFIER = Nothing.ApiKit;
				PRODUCT_NAME = "$(TARGET_NAME:c99extidentifier)";
				SKIP_INSTALL = YES;
				SWIFT_EMIT_LOC_STRINGS = YES;
				SWIFT_VERSION = 5.0;
				TARGETED_DEVICE_FAMILY = "1,2";
				VERSIONING_SYSTEM = "apple-generic";
				VERSION_INFO_PREFIX = "";
			};
			name = Debug;
		};
		ABA0D8E529DA043100C795D1 /* Release */ = {
			isa = XCBuildConfiguration;
			buildSettings = {
				CODE_SIGN_STYLE = Automatic;
				CURRENT_PROJECT_VERSION = 1;
				DEFINES_MODULE = YES;
				DYLIB_COMPATIBILITY_VERSION = 1;
				DYLIB_CURRENT_VERSION = 1;
				DYLIB_INSTALL_NAME_BASE = "@rpath";
				GENERATE_INFOPLIST_FILE = YES;
				INFOPLIST_KEY_NSHumanReadableCopyright = "";
				INSTALL_PATH = "$(LOCAL_LIBRARY_DIR)/Frameworks";
				LD_RUNPATH_SEARCH_PATHS = (
					"$(inherited)",
					"@executable_path/Frameworks",
					"@loader_path/Frameworks",
				);
				MARKETING_VERSION = 1.0;
				PRODUCT_BUNDLE_IDENTIFIER = Nothing.ApiKit;
				PRODUCT_NAME = "$(TARGET_NAME:c99extidentifier)";
				SKIP_INSTALL = YES;
				SWIFT_EMIT_LOC_STRINGS = YES;
				SWIFT_VERSION = 5.0;
				TARGETED_DEVICE_FAMILY = "1,2";
				VERSIONING_SYSTEM = "apple-generic";
				VERSION_INFO_PREFIX = "";
			};
			name = Release;
		};
		ABA0D8E829DA043100C795D1 /* Debug */ = {
			isa = XCBuildConfiguration;
			buildSettings = {
				ALWAYS_EMBED_SWIFT_STANDARD_LIBRARIES = YES;
				CODE_SIGN_STYLE = Automatic;
				CURRENT_PROJECT_VERSION = 1;
				GENERATE_INFOPLIST_FILE = YES;
				MARKETING_VERSION = 1.0;
				PRODUCT_BUNDLE_IDENTIFIER = Nothing.ApiKitTests;
				PRODUCT_NAME = "$(TARGET_NAME)";
				SWIFT_EMIT_LOC_STRINGS = NO;
				SWIFT_VERSION = 5.0;
				TARGETED_DEVICE_FAMILY = "1,2";
				TEST_HOST = "$(BUILT_PRODUCTS_DIR)/DI.app/$(BUNDLE_EXECUTABLE_FOLDER_PATH)/DI";
			};
			name = Debug;
		};
		ABA0D8E929DA043100C795D1 /* Release */ = {
			isa = XCBuildConfiguration;
			buildSettings = {
				ALWAYS_EMBED_SWIFT_STANDARD_LIBRARIES = YES;
				CODE_SIGN_STYLE = Automatic;
				CURRENT_PROJECT_VERSION = 1;
				GENERATE_INFOPLIST_FILE = YES;
				MARKETING_VERSION = 1.0;
				PRODUCT_BUNDLE_IDENTIFIER = Nothing.ApiKitTests;
				PRODUCT_NAME = "$(TARGET_NAME)";
				SWIFT_EMIT_LOC_STRINGS = NO;
				SWIFT_VERSION = 5.0;
				TARGETED_DEVICE_FAMILY = "1,2";
				TEST_HOST = "$(BUILT_PRODUCTS_DIR)/DI.app/$(BUNDLE_EXECUTABLE_FOLDER_PATH)/DI";
			};
			name = Release;
		};
		ABA0D90929DA069300C795D1 /* Debug */ = {
			isa = XCBuildConfiguration;
			buildSettings = {
				CODE_SIGN_STYLE = Automatic;
				CURRENT_PROJECT_VERSION = 1;
				DEFINES_MODULE = YES;
				DYLIB_COMPATIBILITY_VERSION = 1;
				DYLIB_CURRENT_VERSION = 1;
				DYLIB_INSTALL_NAME_BASE = "@rpath";
				GENERATE_INFOPLIST_FILE = YES;
				INFOPLIST_KEY_NSHumanReadableCopyright = "";
				INSTALL_PATH = "$(LOCAL_LIBRARY_DIR)/Frameworks";
				LD_RUNPATH_SEARCH_PATHS = (
					"$(inherited)",
					"@executable_path/Frameworks",
					"@loader_path/Frameworks",
				);
				MARKETING_VERSION = 1.0;
				PRODUCT_BUNDLE_IDENTIFIER = Nothing.AppUIKit;
				PRODUCT_NAME = "$(TARGET_NAME:c99extidentifier)";
				SKIP_INSTALL = YES;
				SWIFT_EMIT_LOC_STRINGS = YES;
				SWIFT_VERSION = 5.0;
				TARGETED_DEVICE_FAMILY = "1,2";
				VERSIONING_SYSTEM = "apple-generic";
				VERSION_INFO_PREFIX = "";
			};
			name = Debug;
		};
		ABA0D90A29DA069300C795D1 /* Release */ = {
			isa = XCBuildConfiguration;
			buildSettings = {
				CODE_SIGN_STYLE = Automatic;
				CURRENT_PROJECT_VERSION = 1;
				DEFINES_MODULE = YES;
				DYLIB_COMPATIBILITY_VERSION = 1;
				DYLIB_CURRENT_VERSION = 1;
				DYLIB_INSTALL_NAME_BASE = "@rpath";
				GENERATE_INFOPLIST_FILE = YES;
				INFOPLIST_KEY_NSHumanReadableCopyright = "";
				INSTALL_PATH = "$(LOCAL_LIBRARY_DIR)/Frameworks";
				LD_RUNPATH_SEARCH_PATHS = (
					"$(inherited)",
					"@executable_path/Frameworks",
					"@loader_path/Frameworks",
				);
				MARKETING_VERSION = 1.0;
				PRODUCT_BUNDLE_IDENTIFIER = Nothing.AppUIKit;
				PRODUCT_NAME = "$(TARGET_NAME:c99extidentifier)";
				SKIP_INSTALL = YES;
				SWIFT_EMIT_LOC_STRINGS = YES;
				SWIFT_VERSION = 5.0;
				TARGETED_DEVICE_FAMILY = "1,2";
				VERSIONING_SYSTEM = "apple-generic";
				VERSION_INFO_PREFIX = "";
			};
			name = Release;
		};
		ABA0D90C29DA069300C795D1 /* Debug */ = {
			isa = XCBuildConfiguration;
			buildSettings = {
				ALWAYS_EMBED_SWIFT_STANDARD_LIBRARIES = YES;
				CODE_SIGN_STYLE = Automatic;
				CURRENT_PROJECT_VERSION = 1;
				GENERATE_INFOPLIST_FILE = YES;
				MARKETING_VERSION = 1.0;
				PRODUCT_BUNDLE_IDENTIFIER = Nothing.AppUIKitTests;
				PRODUCT_NAME = "$(TARGET_NAME)";
				SWIFT_EMIT_LOC_STRINGS = NO;
				SWIFT_VERSION = 5.0;
				TARGETED_DEVICE_FAMILY = "1,2";
				TEST_HOST = "$(BUILT_PRODUCTS_DIR)/DI.app/$(BUNDLE_EXECUTABLE_FOLDER_PATH)/DI";
			};
			name = Debug;
		};
		ABA0D90D29DA069300C795D1 /* Release */ = {
			isa = XCBuildConfiguration;
			buildSettings = {
				ALWAYS_EMBED_SWIFT_STANDARD_LIBRARIES = YES;
				CODE_SIGN_STYLE = Automatic;
				CURRENT_PROJECT_VERSION = 1;
				GENERATE_INFOPLIST_FILE = YES;
				MARKETING_VERSION = 1.0;
				PRODUCT_BUNDLE_IDENTIFIER = Nothing.AppUIKitTests;
				PRODUCT_NAME = "$(TARGET_NAME)";
				SWIFT_EMIT_LOC_STRINGS = NO;
				SWIFT_VERSION = 5.0;
				TARGETED_DEVICE_FAMILY = "1,2";
				TEST_HOST = "$(BUILT_PRODUCTS_DIR)/DI.app/$(BUNDLE_EXECUTABLE_FOLDER_PATH)/DI";
			};
			name = Release;
		};
/* End XCBuildConfiguration section */

/* Begin XCConfigurationList section */
		ABA0D88F29DA02AD00C795D1 /* Build configuration list for PBXProject "DI" */ = {
			isa = XCConfigurationList;
			buildConfigurations = (
				ABA0D8BC29DA02AF00C795D1 /* Debug */,
				ABA0D8BD29DA02AF00C795D1 /* Release */,
			);
			defaultConfigurationIsVisible = 0;
			defaultConfigurationName = Release;
		};
		ABA0D8BE29DA02AF00C795D1 /* Build configuration list for PBXNativeTarget "DI" */ = {
			isa = XCConfigurationList;
			buildConfigurations = (
				ABA0D8BF29DA02AF00C795D1 /* Debug */,
				ABA0D8C029DA02AF00C795D1 /* Release */,
			);
			defaultConfigurationIsVisible = 0;
			defaultConfigurationName = Release;
		};
		ABA0D8C129DA02AF00C795D1 /* Build configuration list for PBXNativeTarget "DITests" */ = {
			isa = XCConfigurationList;
			buildConfigurations = (
				ABA0D8C229DA02AF00C795D1 /* Debug */,
				ABA0D8C329DA02AF00C795D1 /* Release */,
			);
			defaultConfigurationIsVisible = 0;
			defaultConfigurationName = Release;
		};
		ABA0D8C429DA02AF00C795D1 /* Build configuration list for PBXNativeTarget "DIUITests" */ = {
			isa = XCConfigurationList;
			buildConfigurations = (
				ABA0D8C529DA02AF00C795D1 /* Debug */,
				ABA0D8C629DA02AF00C795D1 /* Release */,
			);
			defaultConfigurationIsVisible = 0;
			defaultConfigurationName = Release;
		};
		ABA0D8E329DA043100C795D1 /* Build configuration list for PBXNativeTarget "ApiKit" */ = {
			isa = XCConfigurationList;
			buildConfigurations = (
				ABA0D8E429DA043100C795D1 /* Debug */,
				ABA0D8E529DA043100C795D1 /* Release */,
			);
			defaultConfigurationIsVisible = 0;
			defaultConfigurationName = Release;
		};
		ABA0D8E729DA043100C795D1 /* Build configuration list for PBXNativeTarget "ApiKitTests" */ = {
			isa = XCConfigurationList;
			buildConfigurations = (
				ABA0D8E829DA043100C795D1 /* Debug */,
				ABA0D8E929DA043100C795D1 /* Release */,
			);
			defaultConfigurationIsVisible = 0;
			defaultConfigurationName = Release;
		};
		ABA0D90829DA069300C795D1 /* Build configuration list for PBXNativeTarget "AppUIKit" */ = {
			isa = XCConfigurationList;
			buildConfigurations = (
				ABA0D90929DA069300C795D1 /* Debug */,
				ABA0D90A29DA069300C795D1 /* Release */,
			);
			defaultConfigurationIsVisible = 0;
			defaultConfigurationName = Release;
		};
		ABA0D90B29DA069300C795D1 /* Build configuration list for PBXNativeTarget "AppUIKitTests" */ = {
			isa = XCConfigurationList;
			buildConfigurations = (
				ABA0D90C29DA069300C795D1 /* Debug */,
				ABA0D90D29DA069300C795D1 /* Release */,
			);
			defaultConfigurationIsVisible = 0;
			defaultConfigurationName = Release;
		};
/* End XCConfigurationList section */
	};
	rootObject = ABA0D88C29DA02AD00C795D1 /* Project object */;
}
